
Microsoft Visual Studio Solution File, Format Version 12.00
# Visual Studio Version 16
VisualStudioVersion = 16.0.30011.22
MinimumVisualStudioVersion = 10.0.40219.1
Project("{9A19103F-16F7-4668-BE54-9A1E7A4F7556}") = "UI", "UI\UI.csproj", "{47B6ECC3-95A6-47E9-A5BA-FF29D6DB7B39}"
EndProject
Project("{9A19103F-16F7-4668-BE54-9A1E7A4F7556}") = "Lib", "Lib\Lib.csproj", "{86F50087-8853-41EE-AE8B-94C3FD3D6CD0}"
EndProject
Project("{9A19103F-16F7-4668-BE54-9A1E7A4F7556}") = "Core", "Core\Core.csproj", "{1C797084-BF0E-4172-8B68-2810E37AFE70}"
EndProject
Global
	GlobalSection(SolutionConfigurationPlatforms) = preSolution
		Debug|Any CPU = Debug|Any CPU
		Release|Any CPU = Release|Any CPU
	EndGlobalSection
	GlobalSection(ProjectConfigurationPlatforms) = postSolution
		{47B6ECC3-95A6-47E9-A5BA-FF29D6DB7B39}.Debug|Any CPU.ActiveCfg = Debug|Any CPU
		{47B6ECC3-95A6-47E9-A5BA-FF29D6DB7B39}.Debug|Any CPU.Build.0 = Debug|Any CPU
		{47B6ECC3-95A6-47E9-A5BA-FF29D6DB7B39}.Release|Any CPU.ActiveCfg = Release|Any CPU
		{47B6ECC3-95A6-47E9-A5BA-FF29D6DB7B39}.Release|Any CPU.Build.0 = Release|Any CPU
		{86F50087-8853-41EE-AE8B-94C3FD3D6CD0}.Debug|Any CPU.ActiveCfg = Debug|Any CPU
		{86F50087-8853-41EE-AE8B-94C3FD3D6CD0}.Debug|Any CPU.Build.0 = Debug|Any CPU
		{86F50087-8853-41EE-AE8B-94C3FD3D6CD0}.Release|Any CPU.ActiveCfg = Release|Any CPU
		{86F50087-8853-41EE-AE8B-94C3FD3D6CD0}.Release|Any CPU.Build.0 = Release|Any CPU
		{1C797084-BF0E-4172-8B68-2810E37AFE70}.Debug|Any CPU.ActiveCfg = Debug|Any CPU
		{1C797084-BF0E-4172-8B68-2810E37AFE70}.Debug|Any CPU.Build.0 = Debug|Any CPU
		{1C797084-BF0E-4172-8B68-2810E37AFE70}.Release|Any CPU.ActiveCfg = Release|Any CPU
		{1C797084-BF0E-4172-8B68-2810E37AFE70}.Release|Any CPU.Build.0 = Release|Any CPU
	EndGlobalSection
	GlobalSection(SolutionProperties) = preSolution
		HideSolutionNode = FALSE
	EndGlobalSection
	GlobalSection(ExtensibilityGlobals) = postSolution
		SolutionGuid = {3083FA0C-D191-4973-B2B1-E36F3B7A8400}
	EndGlobalSection
EndGlobal
